
Microsoft Visual Studio Solution File, Format Version 12.00
# Visual Studio Version 16
VisualStudioVersion = 25.0.1704.0
MinimumVisualStudioVersion = 10.0.40219.1
Project("{FAE04EC0-301F-11D3-BF4B-00C04F79EFBC}") = "Lab2", "Lab2\Lab2.csproj", "{96E75956-3DF6-4325-BEAD-4328ACA9DB11}"
EndProject
Project("{FAE04EC0-301F-11D3-BF4B-00C04F79EFBC}") = "UnitTests", "UnitTests\UnitTests.csproj", "{90ED7253-643A-4CCC-9CA2-C66DE4CA7376}"
EndProject
Global
	GlobalSection(SolutionConfigurationPlatforms) = preSolution
		Debug|Any CPU = Debug|Any CPU
		Release|Any CPU = Release|Any CPU
	EndGlobalSection
	GlobalSection(ProjectConfigurationPlatforms) = postSolution
		{96E75956-3DF6-4325-BEAD-4328ACA9DB11}.Debug|Any CPU.ActiveCfg = Debug|Any CPU
		{96E75956-3DF6-4325-BEAD-4328ACA9DB11}.Debug|Any CPU.Build.0 = Debug|Any CPU
		{96E75956-3DF6-4325-BEAD-4328ACA9DB11}.Release|Any CPU.ActiveCfg = Release|Any CPU
		{96E75956-3DF6-4325-BEAD-4328ACA9DB11}.Release|Any CPU.Build.0 = Release|Any CPU
		{90ED7253-643A-4CCC-9CA2-C66DE4CA7376}.Debug|Any CPU.ActiveCfg = Debug|Any CPU
		{90ED7253-643A-4CCC-9CA2-C66DE4CA7376}.Debug|Any CPU.Build.0 = Debug|Any CPU
		{90ED7253-643A-4CCC-9CA2-C66DE4CA7376}.Release|Any CPU.ActiveCfg = Release|Any CPU
		{90ED7253-643A-4CCC-9CA2-C66DE4CA7376}.Release|Any CPU.Build.0 = Release|Any CPU
	EndGlobalSection
	GlobalSection(SolutionProperties) = preSolution
		HideSolutionNode = FALSE
	EndGlobalSection
	GlobalSection(ExtensibilityGlobals) = postSolution
		SolutionGuid = {CF796ACB-0026-4C85-9403-B49CF19BFBD3}
	EndGlobalSection
EndGlobal
